
Microsoft Visual Studio Solution File, Format Version 12.00
# Visual Studio 2012
Project("{FAE04EC0-301F-11D3-BF4B-00C04F79EFBC}") = "Medit", "Medit\Medit.csproj", "{5C7A9D04-8261-4B49-935D-C3BC04C2D165}"
EndProject
Project("{2150E333-8FDC-42A3-9474-1A3956D46DE8}") = ".nuget", ".nuget", "{8BD2A681-408E-4E3A-8E0F-7EBD0C2DDD3D}"
	ProjectSection(SolutionItems) = preProject
		.nuget\NuGet.Config = .nuget\NuGet.Config
		.nuget\NuGet.exe = .nuget\NuGet.exe
		.nuget\NuGet.targets = .nuget\NuGet.targets
	EndProjectSection
EndProject
Global
	GlobalSection(SolutionConfigurationPlatforms) = preSolution
		Debug|Any CPU = Debug|Any CPU
		Release|Any CPU = Release|Any CPU
	EndGlobalSection
	GlobalSection(ProjectConfigurationPlatforms) = postSolution
		{5C7A9D04-8261-4B49-935D-C3BC04C2D165}.Debug|Any CPU.ActiveCfg = Debug|Any CPU
		{5C7A9D04-8261-4B49-935D-C3BC04C2D165}.Debug|Any CPU.Build.0 = Debug|Any CPU
		{5C7A9D04-8261-4B49-935D-C3BC04C2D165}.Release|Any CPU.ActiveCfg = Release|Any CPU
		{5C7A9D04-8261-4B49-935D-C3BC04C2D165}.Release|Any CPU.Build.0 = Release|Any CPU
	EndGlobalSection
	GlobalSection(SolutionProperties) = preSolution
		HideSolutionNode = FALSE
	EndGlobalSection
EndGlobal
